
Microsoft Visual Studio Solution File, Format Version 12.00
# Visual Studio Version 17
VisualStudioVersion = 17.3.32922.545
MinimumVisualStudioVersion = 10.0.40219.1
Project("{FAE04EC0-301F-11D3-BF4B-00C04F79EFBC}") = "learn csharp", "learn csharp\learn csharp.csproj", "{A104213E-4929-4064-A7E5-EFFDEE304E45}"
EndProject
Global
	GlobalSection(SolutionConfigurationPlatforms) = preSolution
		Debug|Any CPU = Debug|Any CPU
		Release|Any CPU = Release|Any CPU
	EndGlobalSection
	GlobalSection(ProjectConfigurationPlatforms) = postSolution
		{A104213E-4929-4064-A7E5-EFFDEE304E45}.Debug|Any CPU.ActiveCfg = Debug|Any CPU
		{A104213E-4929-4064-A7E5-EFFDEE304E45}.Debug|Any CPU.Build.0 = Debug|Any CPU
		{A104213E-4929-4064-A7E5-EFFDEE304E45}.Release|Any CPU.ActiveCfg = Release|Any CPU
		{A104213E-4929-4064-A7E5-EFFDEE304E45}.Release|Any CPU.Build.0 = Release|Any CPU
	EndGlobalSection
	GlobalSection(SolutionProperties) = preSolution
		HideSolutionNode = FALSE
	EndGlobalSection
	GlobalSection(ExtensibilityGlobals) = postSolution
		SolutionGuid = {4B5ABEA8-BEDC-4042-96AD-38DE0F72698C}
	EndGlobalSection
EndGlobal
